github.com/kalafut/imohash v1.0.2 h1:j/cUPa15YvXv7abJlM+kdJIycbBMpmO7WqhPl4YB76I=
github.com/kalafut/imohash v1.0.2/go.mod h1:PjHBF0vpo1q7zMqiTn0qwSTQU2wDn5QIe8S8sFQuZS8=
github.com/twmb/murmur3 v1.1.5 h1:i9OLS9fkuLzBXjt6dptlAEyk58fJsSTXbRg3SgVyqgk=
github.com/twmb/murmur3 v1.1.5/go.mod h1:Qq/R7NUyOfr65zD+6Q5IHKsJLwP7exErjN6lyyq3OSQ=
gopkg.in/tylerb/is.v1 v1.1.2/go.mod h1:9yQB2tyIhZ5oph6Kk5Sq7cJMd9c5Jpa1p3hr9kxzPqo=
